{
  "name": "pta-tb-experiment",
  "version": "1.0.0",
  "lockfileVersion": 2,
  "requires": true,
  "packages": {
    "": {
      "name": "pta-tb-experiment",
      "version": "1.0.0",
      "license": "ISC",
      "dependencies": {
        "pta-tools": "^1.5.2"
      }
    },
    "node_modules/pta-tools": {
      "version": "1.5.2",
      "resolved": "https://registry.npmjs.org/pta-tools/-/pta-tools-1.5.2.tgz",
      "integrity": "sha512-Z4folypwPt4rIHHcYDWD3HvWwYksuJX8Y/LeJL1X7lmC6R8k4M6Zn1r9+ELCOB0s4yMarCiFCHghLMXC2N3gtQ==",
      "dependencies": {
        "split2": "^4.1.0"
      }
    },
    "node_modules/split2": {
      "version": "4.1.0",
      "resolved": "https://registry.npmjs.org/split2/-/split2-4.1.0.tgz",
      "integrity": "sha512-VBiJxFkxiXRlUIeyMQi8s4hgvKCSjtknJv/LVYbrgALPwf5zSKmEwV9Lst25AkvMDnvxODugjdl6KZgwKM1WYQ==",
      "engines": {
        "node": ">= 10.x"
      }
    }
  },
  "dependencies": {
    "pta-tools": {
      "version": "1.5.2",
      "resolved": "https://registry.npmjs.org/pta-tools/-/pta-tools-1.5.2.tgz",
      "integrity": "sha512-Z4folypwPt4rIHHcYDWD3HvWwYksuJX8Y/LeJL1X7lmC6R8k4M6Zn1r9+ELCOB0s4yMarCiFCHghLMXC2N3gtQ==",
      "requires": {
        "split2": "^4.1.0"
      }
    },
    "split2": {
      "version": "4.1.0",
      "resolved": "https://registry.npmjs.org/split2/-/split2-4.1.0.tgz",
      "integrity": "sha512-VBiJxFkxiXRlUIeyMQi8s4hgvKCSjtknJv/LVYbrgALPwf5zSKmEwV9Lst25AkvMDnvxODugjdl6KZgwKM1WYQ=="
    }
  }
}
